# This file is automatically @generated by Cargo.
# It is not intended for manual editing.
[[package]]
name = "rust_assembler"
version = "0.1.0"
dependencies = [
 "strfmt",
]

[[package]]
name = "strfmt"
version = "0.1.6"
source = "registry+https://github.com/rust-lang/crates.io-index"
checksum = "b278b244ef7aa5852b277f52dd0c6cac3a109919e1f6d699adde63251227a30f"
